// !$*UTF8*$!
{
	archiveVersion = 1;
	classes = {
	};
	objectVersion = 50;
	objects = {

/* Begin PBXBuildFile section */
		D01038A124913770008E1ADE /* AppDelegate.swift in Sources */ = {isa = PBXBuildFile; fileRef = D01038A024913770008E1ADE /* AppDelegate.swift */; };
		D01038A324913770008E1ADE /* SceneDelegate.swift in Sources */ = {isa = PBXBuildFile; fileRef = D01038A224913770008E1ADE /* SceneDelegate.swift */; };
		D01038A524913770008E1ADE /* ViewController.swift in Sources */ = {isa = PBXBuildFile; fileRef = D01038A424913770008E1ADE /* ViewController.swift */; };
		D01038A824913770008E1ADE /* Main.storyboard in Resources */ = {isa = PBXBuildFile; fileRef = D01038A624913770008E1ADE /* Main.storyboard */; };
		D01038AA24913772008E1ADE /* Assets.xcassets in Resources */ = {isa = PBXBuildFile; fileRef = D01038A924913772008E1ADE /* Assets.xcassets */; };
		D01038AD24913772008E1ADE /* LaunchScreen.storyboard in Resources */ = {isa = PBXBuildFile; fileRef = D01038AB24913772008E1ADE /* LaunchScreen.storyboard */; };
		D01038B5249145B2008E1ADE /* timeburnernormal.ttf in Resources */ = {isa = PBXBuildFile; fileRef = D01038B4249145B2008E1ADE /* timeburnernormal.ttf */; };
		D01038B824918F61008E1ADE /* .gitignore in Resources */ = {isa = PBXBuildFile; fileRef = D01038B724918F61008E1ADE /* .gitignore */; };
		D01038BA24918F84008E1ADE /* .github in Resources */ = {isa = PBXBuildFile; fileRef = D01038B924918F84008E1ADE /* .github */; };
		D01038BC24919025008E1ADE /* LICENSE in Resources */ = {isa = PBXBuildFile; fileRef = D01038BB24919024008E1ADE /* LICENSE */; };
		D01038BE2491902B008E1ADE /* README.md in Resources */ = {isa = PBXBuildFile; fileRef = D01038BD2491902B008E1ADE /* README.md */; };
/* End PBXBuildFile section */

/* Begin PBXFileReference section */
		D010389D24913770008E1ADE /* Gridy.app */ = {isa = PBXFileReference; explicitFileType = wrapper.application; includeInIndex = 0; path = Gridy.app; sourceTree = BUILT_PRODUCTS_DIR; };
		D01038A024913770008E1ADE /* AppDelegate.swift */ = {isa = PBXFileReference; lastKnownFileType = sourcecode.swift; path = AppDelegate.swift; sourceTree = "<group>"; };
		D01038A224913770008E1ADE /* SceneDelegate.swift */ = {isa = PBXFileReference; lastKnownFileType = sourcecode.swift; path = SceneDelegate.swift; sourceTree = "<group>"; };
		D01038A424913770008E1ADE /* ViewController.swift */ = {isa = PBXFileReference; lastKnownFileType = sourcecode.swift; path = ViewController.swift; sourceTree = "<group>"; };
		D01038A724913770008E1ADE /* Base */ = {isa = PBXFileReference; lastKnownFileType = file.storyboard; name = Base; path = Base.lproj/Main.storyboard; sourceTree = "<group>"; };
		D01038A924913772008E1ADE /* Assets.xcassets */ = {isa = PBXFileReference; lastKnownFileType = folder.assetcatalog; path = Assets.xcassets; sourceTree = "<group>"; };
		D01038AC24913772008E1ADE /* Base */ = {isa = PBXFileReference; lastKnownFileType = file.storyboard; name = Base; path = Base.lproj/LaunchScreen.storyboard; sourceTree = "<group>"; };
		D01038AE24913772008E1ADE /* Info.plist */ = {isa = PBXFileReference; lastKnownFileType = text.plist.xml; path = Info.plist; sourceTree = "<group>"; };
		D01038B4249145B2008E1ADE /* timeburnernormal.ttf */ = {isa = PBXFileReference; lastKnownFileType = file; path = timeburnernormal.ttf; sourceTree = "<group>"; };
		D01038B724918F61008E1ADE /* .gitignore */ = {isa = PBXFileReference; fileEncoding = 4; lastKnownFileType = text; path = .gitignore; sourceTree = "<group>"; };
		D01038B924918F84008E1ADE /* .github */ = {isa = PBXFileReference; lastKnownFileType = folder; path = .github; sourceTree = "<group>"; };
		D01038BB24919024008E1ADE /* LICENSE */ = {isa = PBXFileReference; fileEncoding = 4; lastKnownFileType = text; path = LICENSE; sourceTree = "<group>"; };
		D01038BD2491902B008E1ADE /* README.md */ = {isa = PBXFileReference; fileEncoding = 4; lastKnownFileType = net.daringfireball.markdown; path = README.md; sourceTree = "<group>"; };
/* End PBXFileReference section */

/* Begin PBXFrameworksBuildPhase section */
		D010389A24913770008E1ADE /* Frameworks */ = {
			isa = PBXFrameworksBuildPhase;
			buildActionMask = 2147483647;
			files = (
			);
			runOnlyForDeploymentPostprocessing = 0;
		};
/* End PBXFrameworksBuildPhase section */

/* Begin PBXGroup section */
		D010389424913770008E1ADE = {
			isa = PBXGroup;
			children = (
				D010389F24913770008E1ADE /* Gridy */,
				D010389E24913770008E1ADE /* Products */,
				D01038B924918F84008E1ADE /* .github */,
				D01038B724918F61008E1ADE /* .gitignore */,
				D01038BB24919024008E1ADE /* LICENSE */,
				D01038BD2491902B008E1ADE /* README.md */,
			);
			sourceTree = "<group>";
		};
		D010389E24913770008E1ADE /* Products */ = {
			isa = PBXGroup;
			children = (
				D010389D24913770008E1ADE /* Gridy.app */,
			);
			name = Products;
			sourceTree = "<group>";
		};
		D010389F24913770008E1ADE /* Gridy */ = {
			isa = PBXGroup;
			children = (
				D01038BF2492B512008E1ADE /* View */,
				D01038C02492B5C0008E1ADE /* Controller */,
				D01038B6249145C2008E1ADE /* Fonts */,
				D01038A024913770008E1ADE /* AppDelegate.swift */,
				D01038A224913770008E1ADE /* SceneDelegate.swift */,
				D01038A924913772008E1ADE /* Assets.xcassets */,
				D01038AB24913772008E1ADE /* LaunchScreen.storyboard */,
				D01038AE24913772008E1ADE /* Info.plist */,
			);
			path = Gridy;
			sourceTree = "<group>";
		};
		D01038B6249145C2008E1ADE /* Fonts */ = {
			isa = PBXGroup;
			children = (
				D01038B4249145B2008E1ADE /* timeburnernormal.ttf */,
			);
			path = Fonts;
			sourceTree = "<group>";
		};
		D01038BF2492B512008E1ADE /* View */ = {
			isa = PBXGroup;
			children = (
				D01038A624913770008E1ADE /* Main.storyboard */,
			);
			path = View;
			sourceTree = "<group>";
		};
		D01038C02492B5C0008E1ADE /* Controller */ = {
			isa = PBXGroup;
			children = (
				D01038A424913770008E1ADE /* ViewController.swift */,
			);
			path = Controller;
			sourceTree = "<group>";
		};
/* End PBXGroup section */

/* Begin PBXNativeTarget section */
		D010389C24913770008E1ADE /* Gridy */ = {
			isa = PBXNativeTarget;
			buildConfigurationList = D01038B124913772008E1ADE /* Build configuration list for PBXNativeTarget "Gridy" */;
			buildPhases = (
				D010389924913770008E1ADE /* Sources */,
				D010389A24913770008E1ADE /* Frameworks */,
				D010389B24913770008E1ADE /* Resources */,
			);
			buildRules = (
			);
			dependencies = (
			);
			name = Gridy;
			productName = Gridy;
			productReference = D010389D24913770008E1ADE /* Gridy.app */;
			productType = "com.apple.product-type.application";
		};
/* End PBXNativeTarget section */

/* Begin PBXProject section */
		D010389524913770008E1ADE /* Project object */ = {
			isa = PBXProject;
			attributes = {
				LastSwiftUpdateCheck = 1150;
				LastUpgradeCheck = 1150;
				ORGANIZATIONNAME = "Alex Ivanova";
				TargetAttributes = {
					D010389C24913770008E1ADE = {
						CreatedOnToolsVersion = 11.5;
					};
				};
			};
			buildConfigurationList = D010389824913770008E1ADE /* Build configuration list for PBXProject "Gridy" */;
			compatibilityVersion = "Xcode 9.3";
			developmentRegion = en;
			hasScannedForEncodings = 0;
			knownRegions = (
				en,
				Base,
			);
			mainGroup = D010389424913770008E1ADE;
			productRefGroup = D010389E24913770008E1ADE /* Products */;
			projectDirPath = "";
			projectRoot = "";
			targets = (
				D010389C24913770008E1ADE /* Gridy */,
			);
		};
/* End PBXProject section */

/* Begin PBXResourcesBuildPhase section */
		D010389B24913770008E1ADE /* Resources */ = {
			isa = PBXResourcesBuildPhase;
			buildActionMask = 2147483647;
			files = (
				D01038BA24918F84008E1ADE /* .github in Resources */,
				D01038B824918F61008E1ADE /* .gitignore in Resources */,
				D01038AD24913772008E1ADE /* LaunchScreen.storyboard in Resources */,
				D01038BC24919025008E1ADE /* LICENSE in Resources */,
				D01038AA24913772008E1ADE /* Assets.xcassets in Resources */,
				D01038B5249145B2008E1ADE /* timeburnernormal.ttf in Resources */,
				D01038BE2491902B008E1ADE /* README.md in Resources */,
				D01038A824913770008E1ADE /* Main.storyboard in Resources */,
			);
			runOnlyForDeploymentPostprocessing = 0;
		};
/* End PBXResourcesBuildPhase section */

/* Begin PBXSourcesBuildPhase section */
		D010389924913770008E1ADE /* Sources */ = {
			isa = PBXSourcesBuildPhase;
			buildActionMask = 2147483647;
			files = (
				D01038A524913770008E1ADE /* ViewController.swift in Sources */,
				D01038A124913770008E1ADE /* AppDelegate.swift in Sources */,
				D01038A324913770008E1ADE /* SceneDelegate.swift in Sources */,
			);
			runOnlyForDeploymentPostprocessing = 0;
		};
/* End PBXSourcesBuildPhase section */

/* Begin PBXVariantGroup section */
		D01038A624913770008E1ADE /* Main.storyboard */ = {
			isa = PBXVariantGroup;
			children = (
				D01038A724913770008E1ADE /* Base */,
			);
			name = Main.storyboard;
			sourceTree = "<group>";
		};
		D01038AB24913772008E1ADE /* LaunchScreen.storyboard */ = {
			isa = PBXVariantGroup;
			children = (
				D01038AC24913772008E1ADE /* Base */,
			);
			name = LaunchScreen.storyboard;
			sourceTree = "<group>";
		};
/* End PBXVariantGroup section */

/* Begin XCBuildConfiguration section */
		D01038AF24913772008E1ADE /* Debug */ = {
			isa = XCBuildConfiguration;
			buildSettings = {
				ALWAYS_SEARCH_USER_PATHS = NO;
				CLANG_ANALYZER_NONNULL = YES;
				CLANG_ANALYZER_NUMBER_OBJECT_CONVERSION = YES_AGGRESSIVE;
				CLANG_CXX_LANGUAGE_STANDARD = "gnu++14";
				CLANG_CXX_LIBRARY = "libc++";
				CLANG_ENABLE_MODULES = YES;
				CLANG_ENABLE_OBJC_ARC = YES;
				CLANG_ENABLE_OBJC_WEAK = YES;
				CLANG_WARN_BLOCK_CAPTURE_AUTORELEASING = YES;
				CLANG_WARN_BOOL_CONVERSION = YES;
				CLANG_WARN_COMMA = YES;
				CLANG_WARN_CONSTANT_CONVERSION = YES;
				CLANG_WARN_DEPRECATED_OBJC_IMPLEMENTATIONS = YES;
				CLANG_WARN_DIRECT_OBJC_ISA_USAGE = YES_ERROR;
				CLANG_WARN_DOCUMENTATION_COMMENTS = YES;
				CLANG_WARN_EMPTY_BODY = YES;
				CLANG_WARN_ENUM_CONVERSION = YES;
				CLANG_WARN_INFINITE_RECURSION = YES;
				CLANG_WARN_INT_CONVERSION = YES;
				CLANG_WARN_NON_LITERAL_NULL_CONVERSION = YES;
				CLANG_WARN_OBJC_IMPLICIT_RETAIN_SELF = YES;
				CLANG_WARN_OBJC_LITERAL_CONVERSION = YES;
				CLANG_WARN_OBJC_ROOT_CLASS = YES_ERROR;
				CLANG_WARN_RANGE_LOOP_ANALYSIS = YES;
				CLANG_WARN_STRICT_PROTOTYPES = YES;
				CLANG_WARN_SUSPICIOUS_MOVE = YES;
				CLANG_WARN_UNGUARDED_AVAILABILITY = YES_AGGRESSIVE;
				CLANG_WARN_UNREACHABLE_CODE = YES;
				CLANG_WARN__DUPLICATE_METHOD_MATCH = YES;
				COPY_PHASE_STRIP = NO;
				DEBUG_INFORMATION_FORMAT = dwarf;
				ENABLE_STRICT_OBJC_MSGSEND = YES;
				ENABLE_TESTABILITY = YES;
				GCC_C_LANGUAGE_STANDARD = gnu11;
				GCC_DYNAMIC_NO_PIC = NO;
				GCC_NO_COMMON_BLOCKS = YES;
				GCC_OPTIMIZATION_LEVEL = 0;
				GCC_PREPROCESSOR_DEFINITIONS = (
					"DEBUG=1",
					"$(inherited)",
				);
				GCC_WARN_64_TO_32_BIT_CONVERSION = YES;
				GCC_WARN_ABOUT_RETURN_TYPE = YES_ERROR;
				GCC_WARN_UNDECLARED_SELECTOR = YES;
				GCC_WARN_UNINITIALIZED_AUTOS = YES_AGGRESSIVE;
				GCC_WARN_UNUSED_FUNCTION = YES;
				GCC_WARN_UNUSED_VARIABLE = YES;
				IPHONEOS_DEPLOYMENT_TARGET = 13.5;
				MTL_ENABLE_DEBUG_INFO = INCLUDE_SOURCE;
				MTL_FAST_MATH = YES;
				ONLY_ACTIVE_ARCH = YES;
				SDKROOT = iphoneos;
				SWIFT_ACTIVE_COMPILATION_CONDITIONS = DEBUG;
				SWIFT_OPTIMIZATION_LEVEL = "-Onone";
			};
			name = Debug;
		};
		D01038B024913772008E1ADE /* Release */ = {
			isa = XCBuildConfiguration;
			buildSettings = {
				ALWAYS_SEARCH_USER_PATHS = NO;
				CLANG_ANALYZER_NONNULL = YES;
				CLANG_ANALYZER_NUMBER_OBJECT_CONVERSION = YES_AGGRESSIVE;
				CLANG_CXX_LANGUAGE_STANDARD = "gnu++14";
				CLANG_CXX_LIBRARY = "libc++";
				CLANG_ENABLE_MODULES = YES;
				CLANG_ENABLE_OBJC_ARC = YES;
				CLANG_ENABLE_OBJC_WEAK = YES;
				CLANG_WARN_BLOCK_CAPTURE_AUTORELEASING = YES;
				CLANG_WARN_BOOL_CONVERSION = YES;
				CLANG_WARN_COMMA = YES;
				CLANG_WARN_CONSTANT_CONVERSION = YES;
				CLANG_WARN_DEPRECATED_OBJC_IMPLEMENTATIONS = YES;
				CLANG_WARN_DIRECT_OBJC_ISA_USAGE = YES_ERROR;
				CLANG_WARN_DOCUMENTATION_COMMENTS = YES;
				CLANG_WARN_EMPTY_BODY = YES;
				CLANG_WARN_ENUM_CONVERSION = YES;
				CLANG_WARN_INFINITE_RECURSION = YES;
				CLANG_WARN_INT_CONVERSION = YES;
				CLANG_WARN_NON_LITERAL_NULL_CONVERSION = YES;
				CLANG_WARN_OBJC_IMPLICIT_RETAIN_SELF = YES;
				CLANG_WARN_OBJC_LITERAL_CONVERSION = YES;
				CLANG_WARN_OBJC_ROOT_CLASS = YES_ERROR;
				CLANG_WARN_RANGE_LOOP_ANALYSIS = YES;
				CLANG_WARN_STRICT_PROTOTYPES = YES;
				CLANG_WARN_SUSPICIOUS_MOVE = YES;
				CLANG_WARN_UNGUARDED_AVAILABILITY = YES_AGGRESSIVE;
				CLANG_WARN_UNREACHABLE_CODE = YES;
				CLANG_WARN__DUPLICATE_METHOD_MATCH = YES;
				COPY_PHASE_STRIP = NO;
				DEBUG_INFORMATION_FORMAT = "dwarf-with-dsym";
				ENABLE_NS_ASSERTIONS = NO;
				ENABLE_STRICT_OBJC_MSGSEND = YES;
				GCC_C_LANGUAGE_STANDARD = gnu11;
				GCC_NO_COMMON_BLOCKS = YES;
				GCC_WARN_64_TO_32_BIT_CONVERSION = YES;
				GCC_WARN_ABOUT_RETURN_TYPE = YES_ERROR;
				GCC_WARN_UNDECLARED_SELECTOR = YES;
				GCC_WARN_UNINITIALIZED_AUTOS = YES_AGGRESSIVE;
				GCC_WARN_UNUSED_FUNCTION = YES;
				GCC_WARN_UNUSED_VARIABLE = YES;
				IPHONEOS_DEPLOYMENT_TARGET = 13.5;
				MTL_ENABLE_DEBUG_INFO = NO;
				MTL_FAST_MATH = YES;
				SDKROOT = iphoneos;
				SWIFT_COMPILATION_MODE = wholemodule;
				SWIFT_OPTIMIZATION_LEVEL = "-O";
				VALIDATE_PRODUCT = YES;
			};
			name = Release;
		};
		D01038B224913772008E1ADE /* Debug */ = {
			isa = XCBuildConfiguration;
			buildSettings = {
				ASSETCATALOG_COMPILER_APPICON_NAME = AppIcon;
				CODE_SIGN_STYLE = Automatic;
				DEVELOPMENT_TEAM = 6WAA8E6R87;
				INFOPLIST_FILE = Gridy/Info.plist;
				LD_RUNPATH_SEARCH_PATHS = (
					"$(inherited)",
					"@executable_path/Frameworks",
				);
				PRODUCT_BUNDLE_IDENTIFIER = com.alexivanova.Gridy;
				PRODUCT_NAME = "$(TARGET_NAME)";
				SWIFT_VERSION = 5.0;
				TARGETED_DEVICE_FAMILY = "1,2";
			};
			name = Debug;
		};
		D01038B324913772008E1ADE /* Release */ = {
			isa = XCBuildConfiguration;
			buildSettings = {
				ASSETCATALOG_COMPILER_APPICON_NAME = AppIcon;
				CODE_SIGN_STYLE = Automatic;
				DEVELOPMENT_TEAM = 6WAA8E6R87;
				INFOPLIST_FILE = Gridy/Info.plist;
				LD_RUNPATH_SEARCH_PATHS = (
					"$(inherited)",
					"@executable_path/Frameworks",
				);
				PRODUCT_BUNDLE_IDENTIFIER = com.alexivanova.Gridy;
				PRODUCT_NAME = "$(TARGET_NAME)";
				SWIFT_VERSION = 5.0;
				TARGETED_DEVICE_FAMILY = "1,2";
			};
			name = Release;
		};
/* End XCBuildConfiguration section */

/* Begin XCConfigurationList section */
		D010389824913770008E1ADE /* Build configuration list for PBXProject "Gridy" */ = {
			isa = XCConfigurationList;
			buildConfigurations = (
				D01038AF24913772008E1ADE /* Debug */,
				D01038B024913772008E1ADE /* Release */,
			);
			defaultConfigurationIsVisible = 0;
			defaultConfigurationName = Release;
		};
		D01038B124913772008E1ADE /* Build configuration list for PBXNativeTarget "Gridy" */ = {
			isa = XCConfigurationList;
			buildConfigurations = (
				D01038B224913772008E1ADE /* Debug */,
				D01038B324913772008E1ADE /* Release */,
			);
			defaultConfigurationIsVisible = 0;
			defaultConfigurationName = Release;
		};
/* End XCConfigurationList section */
	};
	rootObject = D010389524913770008E1ADE /* Project object */;
}
